{
  "originHash" : "727db6ee2389eea3e48ed07df43e26c1bb997845805da69a371641e0ae4741f1",
  "pins" : [
    {
      "identity" : "swiftfulrecursiveui",
      "kind" : "remoteSourceControl",
      "location" : "https://github.com/SwiftfulThinking/SwiftfulRecursiveUI.git",
      "state" : {
        "revision" : "3d2d5ac6efe70874fb5ffb2f8e1d5ccd457f4366",
        "version" : "1.0.2"
      }
    },
    {
      "identity" : "swiftfului",
      "kind" : "remoteSourceControl",
      "location" : "https://github.com/SwiftfulThinking/SwiftfulUI",
      "state" : {
        "revision" : "7e6e2d1c29d05e1519f2f5a2ce6012fe4e4dfa19",
        "version" : "1.2.0"
      }
    }
  ],
  "version" : 3
}
