PODS:
  - platform-shared (1.0):
    - TrustWalletCore
  - SwiftProtobuf (1.21.0)
  - TrustWalletCore (3.1.18):
    - TrustWalletCore/Core (= 3.1.18)
  - TrustWalletCore/Core (3.1.18):
    - TrustWalletCore/Types
  - TrustWalletCore/Types (3.1.18):
    - SwiftProtobuf

DEPENDENCIES:
  - platform-shared (from `../platform/shared`)

SPEC REPOS:
  trunk:
    - SwiftProtobuf
    - TrustWalletCore

EXTERNAL SOURCES:
  platform-shared:
    :path: "../platform/shared"

SPEC CHECKSUMS:
  platform-shared: 22f25638f7ca10b9a22c97b9bb7966924bf72a6d
  SwiftProtobuf: afced68785854575756db965e9da52bbf3dc45e7
  TrustWalletCore: fabbb38652ab559ee25c864af8836e6481a7e22b

PODFILE CHECKSUM: 6e5b3dabdc72570461a1d0be424bb93f6bbcbd16

COCOAPODS: 1.10.2
