PODS:
  - data (1.0):
    - TrustWalletCore
  - SwiftProtobuf (1.21.0)
  - TrustWalletCore (3.1.18):
    - TrustWalletCore/Core (= 3.1.18)
  - TrustWalletCore/Core (3.1.18):
    - TrustWalletCore/Types
  - TrustWalletCore/Types (3.1.18):
    - SwiftProtobuf

DEPENDENCIES:
  - data (from `../shared/data`)

SPEC REPOS:
  trunk:
    - SwiftProtobuf
    - TrustWalletCore

EXTERNAL SOURCES:
  data:
    :path: "../shared/data"

SPEC CHECKSUMS:
  data: b77e900b9555fd0263f85c48ce62bb6e288e1acd
  SwiftProtobuf: afced68785854575756db965e9da52bbf3dc45e7
  TrustWalletCore: fabbb38652ab559ee25c864af8836e6481a7e22b

PODFILE CHECKSUM: acebd6ac3acac6fda783bcc216477b9f8b6fbf44

COCOAPODS: 1.10.2
